// !$*UTF8*$!
{
	archiveVersion = 1;
	classes = {
	};
	objectVersion = 56;
	objects = {

/* Begin PBXBuildFile section */
		18B6286F2C08F0DA0019284F /* Currency_ConverterApp.swift in Sources */ = {isa = PBXBuildFile; fileRef = 18B6286E2C08F0DA0019284F /* Currency_ConverterApp.swift */; };
		18B628712C08F0DA0019284F /* ContentView.swift in Sources */ = {isa = PBXBuildFile; fileRef = 18B628702C08F0DA0019284F /* ContentView.swift */; };
		18B628732C08F0DC0019284F /* Assets.xcassets in Resources */ = {isa = PBXBuildFile; fileRef = 18B628722C08F0DC0019284F /* Assets.xcassets */; };
		18B628762C08F0DC0019284F /* Preview Assets.xcassets in Resources */ = {isa = PBXBuildFile; fileRef = 18B628752C08F0DC0019284F /* Preview Assets.xcassets */; };
		18B628802C08F0DC0019284F /* Currency_ConverterTests.swift in Sources */ = {isa = PBXBuildFile; fileRef = 18B6287F2C08F0DC0019284F /* Currency_ConverterTests.swift */; };
		18B6288A2C08F0DC0019284F /* Currency_ConverterUITests.swift in Sources */ = {isa = PBXBuildFile; fileRef = 18B628892C08F0DC0019284F /* Currency_ConverterUITests.swift */; };
		18B6288C2C08F0DC0019284F /* Currency_ConverterUITestsLaunchTests.swift in Sources */ = {isa = PBXBuildFile; fileRef = 18B6288B2C08F0DC0019284F /* Currency_ConverterUITestsLaunchTests.swift */; };
		18B628A72C08F1070019284F /* ViewModel.swift in Sources */ = {isa = PBXBuildFile; fileRef = 18B628982C08F1070019284F /* ViewModel.swift */; };
		18B628A82C08F1070019284F /* DIContainer.swift in Sources */ = {isa = PBXBuildFile; fileRef = 18B6289A2C08F1070019284F /* DIContainer.swift */; };
		18B628A92C08F1070019284F /* DataModel.swift in Sources */ = {isa = PBXBuildFile; fileRef = 18B6289C2C08F1070019284F /* DataModel.swift */; };
		18B628AA2C08F1070019284F /* CurrencyProtocol.swift in Sources */ = {isa = PBXBuildFile; fileRef = 18B6289E2C08F1070019284F /* CurrencyProtocol.swift */; };
		18B628AB2C08F1070019284F /* MainView.swift in Sources */ = {isa = PBXBuildFile; fileRef = 18B628A12C08F1070019284F /* MainView.swift */; };
		18B628AC2C08F1070019284F /* MainViewModel.swift in Sources */ = {isa = PBXBuildFile; fileRef = 18B628A32C08F1070019284F /* MainViewModel.swift */; };
		18B628B42C08F11F0019284F /* Alert.swift in Sources */ = {isa = PBXBuildFile; fileRef = 18B628AD2C08F11F0019284F /* Alert.swift */; };
		18B628B52C08F11F0019284F /* Constants.swift in Sources */ = {isa = PBXBuildFile; fileRef = 18B628AE2C08F11F0019284F /* Constants.swift */; };
		18B628B62C08F11F0019284F /* NetworkProtocol.swift in Sources */ = {isa = PBXBuildFile; fileRef = 18B628B02C08F11F0019284F /* NetworkProtocol.swift */; };
		18B628B72C08F11F0019284F /* NetworkSerivce.swift in Sources */ = {isa = PBXBuildFile; fileRef = 18B628B12C08F11F0019284F /* NetworkSerivce.swift */; };
/* End PBXBuildFile section */

/* Begin PBXContainerItemProxy section */
		18B6287C2C08F0DC0019284F /* PBXContainerItemProxy */ = {
			isa = PBXContainerItemProxy;
			containerPortal = 18B628632C08F0DA0019284F /* Project object */;
			proxyType = 1;
			remoteGlobalIDString = 18B6286A2C08F0DA0019284F;
			remoteInfo = "Currency Converter";
		};
		18B628862C08F0DC0019284F /* PBXContainerItemProxy */ = {
			isa = PBXContainerItemProxy;
			containerPortal = 18B628632C08F0DA0019284F /* Project object */;
			proxyType = 1;
			remoteGlobalIDString = 18B6286A2C08F0DA0019284F;
			remoteInfo = "Currency Converter";
		};
/* End PBXContainerItemProxy section */

/* Begin PBXFileReference section */
		18B6286B2C08F0DA0019284F /* Currency Converter.app */ = {isa = PBXFileReference; explicitFileType = wrapper.application; includeInIndex = 0; path = "Currency Converter.app"; sourceTree = BUILT_PRODUCTS_DIR; };
		18B6286E2C08F0DA0019284F /* Currency_ConverterApp.swift */ = {isa = PBXFileReference; lastKnownFileType = sourcecode.swift; path = Currency_ConverterApp.swift; sourceTree = "<group>"; };
		18B628702C08F0DA0019284F /* ContentView.swift */ = {isa = PBXFileReference; lastKnownFileType = sourcecode.swift; path = ContentView.swift; sourceTree = "<group>"; };
		18B628722C08F0DC0019284F /* Assets.xcassets */ = {isa = PBXFileReference; lastKnownFileType = folder.assetcatalog; path = Assets.xcassets; sourceTree = "<group>"; };
		18B628752C08F0DC0019284F /* Preview Assets.xcassets */ = {isa = PBXFileReference; lastKnownFileType = folder.assetcatalog; path = "Preview Assets.xcassets"; sourceTree = "<group>"; };
		18B6287B2C08F0DC0019284F /* Currency ConverterTests.xctest */ = {isa = PBXFileReference; explicitFileType = wrapper.cfbundle; includeInIndex = 0; path = "Currency ConverterTests.xctest"; sourceTree = BUILT_PRODUCTS_DIR; };
		18B6287F2C08F0DC0019284F /* Currency_ConverterTests.swift */ = {isa = PBXFileReference; lastKnownFileType = sourcecode.swift; path = Currency_ConverterTests.swift; sourceTree = "<group>"; };
		18B628852C08F0DC0019284F /* Currency ConverterUITests.xctest */ = {isa = PBXFileReference; explicitFileType = wrapper.cfbundle; includeInIndex = 0; path = "Currency ConverterUITests.xctest"; sourceTree = BUILT_PRODUCTS_DIR; };
		18B628892C08F0DC0019284F /* Currency_ConverterUITests.swift */ = {isa = PBXFileReference; lastKnownFileType = sourcecode.swift; path = Currency_ConverterUITests.swift; sourceTree = "<group>"; };
		18B6288B2C08F0DC0019284F /* Currency_ConverterUITestsLaunchTests.swift */ = {isa = PBXFileReference; lastKnownFileType = sourcecode.swift; path = Currency_ConverterUITestsLaunchTests.swift; sourceTree = "<group>"; };
		18B628982C08F1070019284F /* ViewModel.swift */ = {isa = PBXFileReference; fileEncoding = 4; lastKnownFileType = sourcecode.swift; path = ViewModel.swift; sourceTree = "<group>"; };
		18B6289A2C08F1070019284F /* DIContainer.swift */ = {isa = PBXFileReference; fileEncoding = 4; lastKnownFileType = sourcecode.swift; path = DIContainer.swift; sourceTree = "<group>"; };
		18B6289C2C08F1070019284F /* DataModel.swift */ = {isa = PBXFileReference; fileEncoding = 4; lastKnownFileType = sourcecode.swift; path = DataModel.swift; sourceTree = "<group>"; };
		18B6289E2C08F1070019284F /* CurrencyProtocol.swift */ = {isa = PBXFileReference; fileEncoding = 4; lastKnownFileType = sourcecode.swift; path = CurrencyProtocol.swift; sourceTree = "<group>"; };
		18B628A12C08F1070019284F /* MainView.swift */ = {isa = PBXFileReference; fileEncoding = 4; lastKnownFileType = sourcecode.swift; path = MainView.swift; sourceTree = "<group>"; };
		18B628A32C08F1070019284F /* MainViewModel.swift */ = {isa = PBXFileReference; fileEncoding = 4; lastKnownFileType = sourcecode.swift; path = MainViewModel.swift; sourceTree = "<group>"; };
		18B628AD2C08F11F0019284F /* Alert.swift */ = {isa = PBXFileReference; fileEncoding = 4; lastKnownFileType = sourcecode.swift; path = Alert.swift; sourceTree = "<group>"; };
		18B628AE2C08F11F0019284F /* Constants.swift */ = {isa = PBXFileReference; fileEncoding = 4; lastKnownFileType = sourcecode.swift; path = Constants.swift; sourceTree = "<group>"; };
		18B628B02C08F11F0019284F /* NetworkProtocol.swift */ = {isa = PBXFileReference; fileEncoding = 4; lastKnownFileType = sourcecode.swift; path = NetworkProtocol.swift; sourceTree = "<group>"; };
		18B628B12C08F11F0019284F /* NetworkSerivce.swift */ = {isa = PBXFileReference; fileEncoding = 4; lastKnownFileType = sourcecode.swift; path = NetworkSerivce.swift; sourceTree = "<group>"; };
/* End PBXFileReference section */

/* Begin PBXFrameworksBuildPhase section */
		18B628682C08F0DA0019284F /* Frameworks */ = {
			isa = PBXFrameworksBuildPhase;
			buildActionMask = 2147483647;
			files = (
			);
			runOnlyForDeploymentPostprocessing = 0;
		};
		18B628782C08F0DC0019284F /* Frameworks */ = {
			isa = PBXFrameworksBuildPhase;
			buildActionMask = 2147483647;
			files = (
			);
			runOnlyForDeploymentPostprocessing = 0;
		};
		18B628822C08F0DC0019284F /* Frameworks */ = {
			isa = PBXFrameworksBuildPhase;
			buildActionMask = 2147483647;
			files = (
			);
			runOnlyForDeploymentPostprocessing = 0;
		};
/* End PBXFrameworksBuildPhase section */

/* Begin PBXGroup section */
		18B628622C08F0DA0019284F = {
			isa = PBXGroup;
			children = (
				18B6286D2C08F0DA0019284F /* Currency Converter */,
				18B6287E2C08F0DC0019284F /* Currency ConverterTests */,
				18B628882C08F0DC0019284F /* Currency ConverterUITests */,
				18B6286C2C08F0DA0019284F /* Products */,
			);
			sourceTree = "<group>";
		};
		18B6286C2C08F0DA0019284F /* Products */ = {
			isa = PBXGroup;
			children = (
				18B6286B2C08F0DA0019284F /* Currency Converter.app */,
				18B6287B2C08F0DC0019284F /* Currency ConverterTests.xctest */,
				18B628852C08F0DC0019284F /* Currency ConverterUITests.xctest */,
			);
			name = Products;
			sourceTree = "<group>";
		};
		18B6286D2C08F0DA0019284F /* Currency Converter */ = {
			isa = PBXGroup;
			children = (
				18B6286E2C08F0DA0019284F /* Currency_ConverterApp.swift */,
				18B628A62C08F1070019284F /* CleanArch */,
				18B628702C08F0DA0019284F /* ContentView.swift */,
				18B628722C08F0DC0019284F /* Assets.xcassets */,
				18B628B32C08F11F0019284F /* Utils */,
				18B628742C08F0DC0019284F /* Preview Content */,
			);
			path = "Currency Converter";
			sourceTree = "<group>";
		};
		18B628742C08F0DC0019284F /* Preview Content */ = {
			isa = PBXGroup;
			children = (
				18B628752C08F0DC0019284F /* Preview Assets.xcassets */,
			);
			path = "Preview Content";
			sourceTree = "<group>";
		};
		18B6287E2C08F0DC0019284F /* Currency ConverterTests */ = {
			isa = PBXGroup;
			children = (
				18B6287F2C08F0DC0019284F /* Currency_ConverterTests.swift */,
			);
			path = "Currency ConverterTests";
			sourceTree = "<group>";
		};
		18B628882C08F0DC0019284F /* Currency ConverterUITests */ = {
			isa = PBXGroup;
			children = (
				18B628892C08F0DC0019284F /* Currency_ConverterUITests.swift */,
				18B6288B2C08F0DC0019284F /* Currency_ConverterUITestsLaunchTests.swift */,
			);
			path = "Currency ConverterUITests";
			sourceTree = "<group>";
		};
		18B628992C08F1070019284F /* Data */ = {
			isa = PBXGroup;
			children = (
				18B628982C08F1070019284F /* ViewModel.swift */,
			);
			path = Data;
			sourceTree = "<group>";
		};
		18B6289B2C08F1070019284F /* DI */ = {
			isa = PBXGroup;
			children = (
				18B6289A2C08F1070019284F /* DIContainer.swift */,
			);
			path = DI;
			sourceTree = "<group>";
		};
		18B6289D2C08F1070019284F /* Model */ = {
			isa = PBXGroup;
			children = (
				18B6289C2C08F1070019284F /* DataModel.swift */,
			);
			path = Model;
			sourceTree = "<group>";
		};
		18B6289F2C08F1070019284F /* Repo */ = {
			isa = PBXGroup;
			children = (
				18B6289E2C08F1070019284F /* CurrencyProtocol.swift */,
			);
			path = Repo;
			sourceTree = "<group>";
		};
		18B628A02C08F1070019284F /* Domain */ = {
			isa = PBXGroup;
			children = (
				18B6289D2C08F1070019284F /* Model */,
				18B6289F2C08F1070019284F /* Repo */,
			);
			path = Domain;
			sourceTree = "<group>";
		};
		18B628A22C08F1070019284F /* View */ = {
			isa = PBXGroup;
			children = (
				18B628A12C08F1070019284F /* MainView.swift */,
			);
			path = View;
			sourceTree = "<group>";
		};
		18B628A42C08F1070019284F /* ViewModel */ = {
			isa = PBXGroup;
			children = (
				18B628A32C08F1070019284F /* MainViewModel.swift */,
			);
			path = ViewModel;
			sourceTree = "<group>";
		};
		18B628A52C08F1070019284F /* Presentation */ = {
			isa = PBXGroup;
			children = (
				18B628A22C08F1070019284F /* View */,
				18B628A42C08F1070019284F /* ViewModel */,
			);
			path = Presentation;
			sourceTree = "<group>";
		};
		18B628A62C08F1070019284F /* CleanArch */ = {
			isa = PBXGroup;
			children = (
				18B628992C08F1070019284F /* Data */,
				18B6289B2C08F1070019284F /* DI */,
				18B628A02C08F1070019284F /* Domain */,
				18B628A52C08F1070019284F /* Presentation */,
			);
			name = CleanArch;
			path = ../../NewProject/CleanArch;
			sourceTree = "<group>";
		};
		18B628AF2C08F11F0019284F /* Constants */ = {
			isa = PBXGroup;
			children = (
				18B628AD2C08F11F0019284F /* Alert.swift */,
				18B628AE2C08F11F0019284F /* Constants.swift */,
			);
			path = Constants;
			sourceTree = "<group>";
		};
		18B628B22C08F11F0019284F /* Network */ = {
			isa = PBXGroup;
			children = (
				18B628B02C08F11F0019284F /* NetworkProtocol.swift */,
				18B628B12C08F11F0019284F /* NetworkSerivce.swift */,
			);
			path = Network;
			sourceTree = "<group>";
		};
		18B628B32C08F11F0019284F /* Utils */ = {
			isa = PBXGroup;
			children = (
				18B628AF2C08F11F0019284F /* Constants */,
				18B628B22C08F11F0019284F /* Network */,
			);
			name = Utils;
			path = ../../NewProject/Utils;
			sourceTree = "<group>";
		};
/* End PBXGroup section */

/* Begin PBXNativeTarget section */
		18B6286A2C08F0DA0019284F /* Currency Converter */ = {
			isa = PBXNativeTarget;
			buildConfigurationList = 18B6288F2C08F0DC0019284F /* Build configuration list for PBXNativeTarget "Currency Converter" */;
			buildPhases = (
				18B628672C08F0DA0019284F /* Sources */,
				18B628682C08F0DA0019284F /* Frameworks */,
				18B628692C08F0DA0019284F /* Resources */,
			);
			buildRules = (
			);
			dependencies = (
			);
			name = "Currency Converter";
			productName = "Currency Converter";
			productReference = 18B6286B2C08F0DA0019284F /* Currency Converter.app */;
			productType = "com.apple.product-type.application";
		};
		18B6287A2C08F0DC0019284F /* Currency ConverterTests */ = {
			isa = PBXNativeTarget;
			buildConfigurationList = 18B628922C08F0DC0019284F /* Build configuration list for PBXNativeTarget "Currency ConverterTests" */;
			buildPhases = (
				18B628772C08F0DC0019284F /* Sources */,
				18B628782C08F0DC0019284F /* Frameworks */,
				18B628792C08F0DC0019284F /* Resources */,
			);
			buildRules = (
			);
			dependencies = (
				18B6287D2C08F0DC0019284F /* PBXTargetDependency */,
			);
			name = "Currency ConverterTests";
			productName = "Currency ConverterTests";
			productReference = 18B6287B2C08F0DC0019284F /* Currency ConverterTests.xctest */;
			productType = "com.apple.product-type.bundle.unit-test";
		};
		18B628842C08F0DC0019284F /* Currency ConverterUITests */ = {
			isa = PBXNativeTarget;
			buildConfigurationList = 18B628952C08F0DC0019284F /* Build configuration list for PBXNativeTarget "Currency ConverterUITests" */;
			buildPhases = (
				18B628812C08F0DC0019284F /* Sources */,
				18B628822C08F0DC0019284F /* Frameworks */,
				18B628832C08F0DC0019284F /* Resources */,
			);
			buildRules = (
			);
			dependencies = (
				18B628872C08F0DC0019284F /* PBXTargetDependency */,
			);
			name = "Currency ConverterUITests";
			productName = "Currency ConverterUITests";
			productReference = 18B628852C08F0DC0019284F /* Currency ConverterUITests.xctest */;
			productType = "com.apple.product-type.bundle.ui-testing";
		};
/* End PBXNativeTarget section */

/* Begin PBXProject section */
		18B628632C08F0DA0019284F /* Project object */ = {
			isa = PBXProject;
			attributes = {
				BuildIndependentTargetsInParallel = 1;
				LastSwiftUpdateCheck = 1540;
				LastUpgradeCheck = 1540;
				TargetAttributes = {
					18B6286A2C08F0DA0019284F = {
						CreatedOnToolsVersion = 15.4;
					};
					18B6287A2C08F0DC0019284F = {
						CreatedOnToolsVersion = 15.4;
						TestTargetID = 18B6286A2C08F0DA0019284F;
					};
					18B628842C08F0DC0019284F = {
						CreatedOnToolsVersion = 15.4;
						TestTargetID = 18B6286A2C08F0DA0019284F;
					};
				};
			};
			buildConfigurationList = 18B628662C08F0DA0019284F /* Build configuration list for PBXProject "Currency Converter" */;
			compatibilityVersion = "Xcode 14.0";
			developmentRegion = en;
			hasScannedForEncodings = 0;
			knownRegions = (
				en,
				Base,
			);
			mainGroup = 18B628622C08F0DA0019284F;
			productRefGroup = 18B6286C2C08F0DA0019284F /* Products */;
			projectDirPath = "";
			projectRoot = "";
			targets = (
				18B6286A2C08F0DA0019284F /* Currency Converter */,
				18B6287A2C08F0DC0019284F /* Currency ConverterTests */,
				18B628842C08F0DC0019284F /* Currency ConverterUITests */,
			);
		};
/* End PBXProject section */

/* Begin PBXResourcesBuildPhase section */
		18B628692C08F0DA0019284F /* Resources */ = {
			isa = PBXResourcesBuildPhase;
			buildActionMask = 2147483647;
			files = (
				18B628762C08F0DC0019284F /* Preview Assets.xcassets in Resources */,
				18B628732C08F0DC0019284F /* Assets.xcassets in Resources */,
			);
			runOnlyForDeploymentPostprocessing = 0;
		};
		18B628792C08F0DC0019284F /* Resources */ = {
			isa = PBXResourcesBuildPhase;
			buildActionMask = 2147483647;
			files = (
			);
			runOnlyForDeploymentPostprocessing = 0;
		};
		18B628832C08F0DC0019284F /* Resources */ = {
			isa = PBXResourcesBuildPhase;
			buildActionMask = 2147483647;
			files = (
			);
			runOnlyForDeploymentPostprocessing = 0;
		};
/* End PBXResourcesBuildPhase section */

/* Begin PBXSourcesBuildPhase section */
		18B628672C08F0DA0019284F /* Sources */ = {
			isa = PBXSourcesBuildPhase;
			buildActionMask = 2147483647;
			files = (
				18B628B42C08F11F0019284F /* Alert.swift in Sources */,
				18B628AA2C08F1070019284F /* CurrencyProtocol.swift in Sources */,
				18B628B72C08F11F0019284F /* NetworkSerivce.swift in Sources */,
				18B628AB2C08F1070019284F /* MainView.swift in Sources */,
				18B628A92C08F1070019284F /* DataModel.swift in Sources */,
				18B628A82C08F1070019284F /* DIContainer.swift in Sources */,
				18B628B52C08F11F0019284F /* Constants.swift in Sources */,
				18B628712C08F0DA0019284F /* ContentView.swift in Sources */,
				18B628A72C08F1070019284F /* ViewModel.swift in Sources */,
				18B628B62C08F11F0019284F /* NetworkProtocol.swift in Sources */,
				18B6286F2C08F0DA0019284F /* Currency_ConverterApp.swift in Sources */,
				18B628AC2C08F1070019284F /* MainViewModel.swift in Sources */,
			);
			runOnlyForDeploymentPostprocessing = 0;
		};
		18B628772C08F0DC0019284F /* Sources */ = {
			isa = PBXSourcesBuildPhase;
			buildActionMask = 2147483647;
			files = (
				18B628802C08F0DC0019284F /* Currency_ConverterTests.swift in Sources */,
			);
			runOnlyForDeploymentPostprocessing = 0;
		};
		18B628812C08F0DC0019284F /* Sources */ = {
			isa = PBXSourcesBuildPhase;
			buildActionMask = 2147483647;
			files = (
				18B6288C2C08F0DC0019284F /* Currency_ConverterUITestsLaunchTests.swift in Sources */,
				18B6288A2C08F0DC0019284F /* Currency_ConverterUITests.swift in Sources */,
			);
			runOnlyForDeploymentPostprocessing = 0;
		};
/* End PBXSourcesBuildPhase section */

/* Begin PBXTargetDependency section */
		18B6287D2C08F0DC0019284F /* PBXTargetDependency */ = {
			isa = PBXTargetDependency;
			target = 18B6286A2C08F0DA0019284F /* Currency Converter */;
			targetProxy = 18B6287C2C08F0DC0019284F /* PBXContainerItemProxy */;
		};
		18B628872C08F0DC0019284F /* PBXTargetDependency */ = {
			isa = PBXTargetDependency;
			target = 18B6286A2C08F0DA0019284F /* Currency Converter */;
			targetProxy = 18B628862C08F0DC0019284F /* PBXContainerItemProxy */;
		};
/* End PBXTargetDependency section */

/* Begin XCBuildConfiguration section */
		18B6288D2C08F0DC0019284F /* Debug */ = {
			isa = XCBuildConfiguration;
			buildSettings = {
				ALWAYS_SEARCH_USER_PATHS = NO;
				ASSETCATALOG_COMPILER_GENERATE_SWIFT_ASSET_SYMBOL_EXTENSIONS = YES;
				CLANG_ANALYZER_NONNULL = YES;
				CLANG_ANALYZER_NUMBER_OBJECT_CONVERSION = YES_AGGRESSIVE;
				CLANG_CXX_LANGUAGE_STANDARD = "gnu++20";
				CLANG_ENABLE_MODULES = YES;
				CLANG_ENABLE_OBJC_ARC = YES;
				CLANG_ENABLE_OBJC_WEAK = YES;
				CLANG_WARN_BLOCK_CAPTURE_AUTORELEASING = YES;
				CLANG_WARN_BOOL_CONVERSION = YES;
				CLANG_WARN_COMMA = YES;
				CLANG_WARN_CONSTANT_CONVERSION = YES;
				CLANG_WARN_DEPRECATED_OBJC_IMPLEMENTATIONS = YES;
				CLANG_WARN_DIRECT_OBJC_ISA_USAGE = YES_ERROR;
				CLANG_WARN_DOCUMENTATION_COMMENTS = YES;
				CLANG_WARN_EMPTY_BODY = YES;
				CLANG_WARN_ENUM_CONVERSION = YES;
				CLANG_WARN_INFINITE_RECURSION = YES;
				CLANG_WARN_INT_CONVERSION = YES;
				CLANG_WARN_NON_LITERAL_NULL_CONVERSION = YES;
				CLANG_WARN_OBJC_IMPLICIT_RETAIN_SELF = YES;
				CLANG_WARN_OBJC_LITERAL_CONVERSION = YES;
				CLANG_WARN_OBJC_ROOT_CLASS = YES_ERROR;
				CLANG_WARN_QUOTED_INCLUDE_IN_FRAMEWORK_HEADER = YES;
				CLANG_WARN_RANGE_LOOP_ANALYSIS = YES;
				CLANG_WARN_STRICT_PROTOTYPES = YES;
				CLANG_WARN_SUSPICIOUS_MOVE = YES;
				CLANG_WARN_UNGUARDED_AVAILABILITY = YES_AGGRESSIVE;
				CLANG_WARN_UNREACHABLE_CODE = YES;
				CLANG_WARN__DUPLICATE_METHOD_MATCH = YES;
				COPY_PHASE_STRIP = NO;
				DEBUG_INFORMATION_FORMAT = dwarf;
				ENABLE_STRICT_OBJC_MSGSEND = YES;
				ENABLE_TESTABILITY = YES;
				ENABLE_USER_SCRIPT_SANDBOXING = YES;
				GCC_C_LANGUAGE_STANDARD = gnu17;
				GCC_DYNAMIC_NO_PIC = NO;
				GCC_NO_COMMON_BLOCKS = YES;
				GCC_OPTIMIZATION_LEVEL = 0;
				GCC_PREPROCESSOR_DEFINITIONS = (
					"DEBUG=1",
					"$(inherited)",
				);
				GCC_WARN_64_TO_32_BIT_CONVERSION = YES;
				GCC_WARN_ABOUT_RETURN_TYPE = YES_ERROR;
				GCC_WARN_UNDECLARED_SELECTOR = YES;
				GCC_WARN_UNINITIALIZED_AUTOS = YES_AGGRESSIVE;
				GCC_WARN_UNUSED_FUNCTION = YES;
				GCC_WARN_UNUSED_VARIABLE = YES;
				IPHONEOS_DEPLOYMENT_TARGET = 17.5;
				LOCALIZATION_PREFERS_STRING_CATALOGS = YES;
				MTL_ENABLE_DEBUG_INFO = INCLUDE_SOURCE;
				MTL_FAST_MATH = YES;
				ONLY_ACTIVE_ARCH = YES;
				SDKROOT = iphoneos;
				SWIFT_ACTIVE_COMPILATION_CONDITIONS = "DEBUG $(inherited)";
				SWIFT_OPTIMIZATION_LEVEL = "-Onone";
			};
			name = Debug;
		};
		18B6288E2C08F0DC0019284F /* Release */ = {
			isa = XCBuildConfiguration;
			buildSettings = {
				ALWAYS_SEARCH_USER_PATHS = NO;
				ASSETCATALOG_COMPILER_GENERATE_SWIFT_ASSET_SYMBOL_EXTENSIONS = YES;
				CLANG_ANALYZER_NONNULL = YES;
				CLANG_ANALYZER_NUMBER_OBJECT_CONVERSION = YES_AGGRESSIVE;
				CLANG_CXX_LANGUAGE_STANDARD = "gnu++20";
				CLANG_ENABLE_MODULES = YES;
				CLANG_ENABLE_OBJC_ARC = YES;
				CLANG_ENABLE_OBJC_WEAK = YES;
				CLANG_WARN_BLOCK_CAPTURE_AUTORELEASING = YES;
				CLANG_WARN_BOOL_CONVERSION = YES;
				CLANG_WARN_COMMA = YES;
				CLANG_WARN_CONSTANT_CONVERSION = YES;
				CLANG_WARN_DEPRECATED_OBJC_IMPLEMENTATIONS = YES;
				CLANG_WARN_DIRECT_OBJC_ISA_USAGE = YES_ERROR;
				CLANG_WARN_DOCUMENTATION_COMMENTS = YES;
				CLANG_WARN_EMPTY_BODY = YES;
				CLANG_WARN_ENUM_CONVERSION = YES;
				CLANG_WARN_INFINITE_RECURSION = YES;
				CLANG_WARN_INT_CONVERSION = YES;
				CLANG_WARN_NON_LITERAL_NULL_CONVERSION = YES;
				CLANG_WARN_OBJC_IMPLICIT_RETAIN_SELF = YES;
				CLANG_WARN_OBJC_LITERAL_CONVERSION = YES;
				CLANG_WARN_OBJC_ROOT_CLASS = YES_ERROR;
				CLANG_WARN_QUOTED_INCLUDE_IN_FRAMEWORK_HEADER = YES;
				CLANG_WARN_RANGE_LOOP_ANALYSIS = YES;
				CLANG_WARN_STRICT_PROTOTYPES = YES;
				CLANG_WARN_SUSPICIOUS_MOVE = YES;
				CLANG_WARN_UNGUARDED_AVAILABILITY = YES_AGGRESSIVE;
				CLANG_WARN_UNREACHABLE_CODE = YES;
				CLANG_WARN__DUPLICATE_METHOD_MATCH = YES;
				COPY_PHASE_STRIP = NO;
				DEBUG_INFORMATION_FORMAT = "dwarf-with-dsym";
				ENABLE_NS_ASSERTIONS = NO;
				ENABLE_STRICT_OBJC_MSGSEND = YES;
				ENABLE_USER_SCRIPT_SANDBOXING = YES;
				GCC_C_LANGUAGE_STANDARD = gnu17;
				GCC_NO_COMMON_BLOCKS = YES;
				GCC_WARN_64_TO_32_BIT_CONVERSION = YES;
				GCC_WARN_ABOUT_RETURN_TYPE = YES_ERROR;
				GCC_WARN_UNDECLARED_SELECTOR = YES;
				GCC_WARN_UNINITIALIZED_AUTOS = YES_AGGRESSIVE;
				GCC_WARN_UNUSED_FUNCTION = YES;
				GCC_WARN_UNUSED_VARIABLE = YES;
				IPHONEOS_DEPLOYMENT_TARGET = 17.5;
				LOCALIZATION_PREFERS_STRING_CATALOGS = YES;
				MTL_ENABLE_DEBUG_INFO = NO;
				MTL_FAST_MATH = YES;
				SDKROOT = iphoneos;
				SWIFT_COMPILATION_MODE = wholemodule;
				VALIDATE_PRODUCT = YES;
			};
			name = Release;
		};
		18B628902C08F0DC0019284F /* Debug */ = {
			isa = XCBuildConfiguration;
			buildSettings = {
				ASSETCATALOG_COMPILER_APPICON_NAME = AppIcon;
				ASSETCATALOG_COMPILER_GLOBAL_ACCENT_COLOR_NAME = AccentColor;
				CODE_SIGN_STYLE = Automatic;
				CURRENT_PROJECT_VERSION = 1;
				DEVELOPMENT_ASSET_PATHS = "\"Currency Converter/Preview Content\"";
				DEVELOPMENT_TEAM = C7RX29D33F;
				ENABLE_PREVIEWS = YES;
				GENERATE_INFOPLIST_FILE = YES;
				INFOPLIST_KEY_UIApplicationSceneManifest_Generation = YES;
				INFOPLIST_KEY_UIApplicationSupportsIndirectInputEvents = YES;
				INFOPLIST_KEY_UILaunchScreen_Generation = YES;
				INFOPLIST_KEY_UISupportedInterfaceOrientations_iPad = "UIInterfaceOrientationPortrait UIInterfaceOrientationPortraitUpsideDown UIInterfaceOrientationLandscapeLeft UIInterfaceOrientationLandscapeRight";
				INFOPLIST_KEY_UISupportedInterfaceOrientations_iPhone = "UIInterfaceOrientationPortrait UIInterfaceOrientationLandscapeLeft UIInterfaceOrientationLandscapeRight";
				LD_RUNPATH_SEARCH_PATHS = (
					"$(inherited)",
					"@executable_path/Frameworks",
				);
				MARKETING_VERSION = 1.0;
				PRODUCT_BUNDLE_IDENTIFIER = "ola.Currency-Converter";
				PRODUCT_NAME = "$(TARGET_NAME)";
				SWIFT_EMIT_LOC_STRINGS = YES;
				SWIFT_VERSION = 5.0;
				TARGETED_DEVICE_FAMILY = "1,2";
			};
			name = Debug;
		};
		18B628912C08F0DC0019284F /* Release */ = {
			isa = XCBuildConfiguration;
			buildSettings = {
				ASSETCATALOG_COMPILER_APPICON_NAME = AppIcon;
				ASSETCATALOG_COMPILER_GLOBAL_ACCENT_COLOR_NAME = AccentColor;
				CODE_SIGN_STYLE = Automatic;
				CURRENT_PROJECT_VERSION = 1;
				DEVELOPMENT_ASSET_PATHS = "\"Currency Converter/Preview Content\"";
				DEVELOPMENT_TEAM = C7RX29D33F;
				ENABLE_PREVIEWS = YES;
				GENERATE_INFOPLIST_FILE = YES;
				INFOPLIST_KEY_UIApplicationSceneManifest_Generation = YES;
				INFOPLIST_KEY_UIApplicationSupportsIndirectInputEvents = YES;
				INFOPLIST_KEY_UILaunchScreen_Generation = YES;
				INFOPLIST_KEY_UISupportedInterfaceOrientations_iPad = "UIInterfaceOrientationPortrait UIInterfaceOrientationPortraitUpsideDown UIInterfaceOrientationLandscapeLeft UIInterfaceOrientationLandscapeRight";
				INFOPLIST_KEY_UISupportedInterfaceOrientations_iPhone = "UIInterfaceOrientationPortrait UIInterfaceOrientationLandscapeLeft UIInterfaceOrientationLandscapeRight";
				LD_RUNPATH_SEARCH_PATHS = (
					"$(inherited)",
					"@executable_path/Frameworks",
				);
				MARKETING_VERSION = 1.0;
				PRODUCT_BUNDLE_IDENTIFIER = "ola.Currency-Converter";
				PRODUCT_NAME = "$(TARGET_NAME)";
				SWIFT_EMIT_LOC_STRINGS = YES;
				SWIFT_VERSION = 5.0;
				TARGETED_DEVICE_FAMILY = "1,2";
			};
			name = Release;
		};
		18B628932C08F0DC0019284F /* Debug */ = {
			isa = XCBuildConfiguration;
			buildSettings = {
				ALWAYS_EMBED_SWIFT_STANDARD_LIBRARIES = YES;
				BUNDLE_LOADER = "$(TEST_HOST)";
				CODE_SIGN_STYLE = Automatic;
				CURRENT_PROJECT_VERSION = 1;
				DEVELOPMENT_TEAM = C7RX29D33F;
				GENERATE_INFOPLIST_FILE = YES;
				IPHONEOS_DEPLOYMENT_TARGET = 17.5;
				MARKETING_VERSION = 1.0;
				PRODUCT_BUNDLE_IDENTIFIER = "ola.Currency-ConverterTests";
				PRODUCT_NAME = "$(TARGET_NAME)";
				SWIFT_EMIT_LOC_STRINGS = NO;
				SWIFT_VERSION = 5.0;
				TARGETED_DEVICE_FAMILY = "1,2";
				TEST_HOST = "$(BUILT_PRODUCTS_DIR)/Currency Converter.app/$(BUNDLE_EXECUTABLE_FOLDER_PATH)/Currency Converter";
			};
			name = Debug;
		};
		18B628942C08F0DC0019284F /* Release */ = {
			isa = XCBuildConfiguration;
			buildSettings = {
				ALWAYS_EMBED_SWIFT_STANDARD_LIBRARIES = YES;
				BUNDLE_LOADER = "$(TEST_HOST)";
				CODE_SIGN_STYLE = Automatic;
				CURRENT_PROJECT_VERSION = 1;
				DEVELOPMENT_TEAM = C7RX29D33F;
				GENERATE_INFOPLIST_FILE = YES;
				IPHONEOS_DEPLOYMENT_TARGET = 17.5;
				MARKETING_VERSION = 1.0;
				PRODUCT_BUNDLE_IDENTIFIER = "ola.Currency-ConverterTests";
				PRODUCT_NAME = "$(TARGET_NAME)";
				SWIFT_EMIT_LOC_STRINGS = NO;
				SWIFT_VERSION = 5.0;
				TARGETED_DEVICE_FAMILY = "1,2";
				TEST_HOST = "$(BUILT_PRODUCTS_DIR)/Currency Converter.app/$(BUNDLE_EXECUTABLE_FOLDER_PATH)/Currency Converter";
			};
			name = Release;
		};
		18B628962C08F0DC0019284F /* Debug */ = {
			isa = XCBuildConfiguration;
			buildSettings = {
				ALWAYS_EMBED_SWIFT_STANDARD_LIBRARIES = YES;
				CODE_SIGN_STYLE = Automatic;
				CURRENT_PROJECT_VERSION = 1;
				DEVELOPMENT_TEAM = C7RX29D33F;
				GENERATE_INFOPLIST_FILE = YES;
				MARKETING_VERSION = 1.0;
				PRODUCT_BUNDLE_IDENTIFIER = "ola.Currency-ConverterUITests";
				PRODUCT_NAME = "$(TARGET_NAME)";
				SWIFT_EMIT_LOC_STRINGS = NO;
				SWIFT_VERSION = 5.0;
				TARGETED_DEVICE_FAMILY = "1,2";
				TEST_TARGET_NAME = "Currency Converter";
			};
			name = Debug;
		};
		18B628972C08F0DC0019284F /* Release */ = {
			isa = XCBuildConfiguration;
			buildSettings = {
				ALWAYS_EMBED_SWIFT_STANDARD_LIBRARIES = YES;
				CODE_SIGN_STYLE = Automatic;
				CURRENT_PROJECT_VERSION = 1;
				DEVELOPMENT_TEAM = C7RX29D33F;
				GENERATE_INFOPLIST_FILE = YES;
				MARKETING_VERSION = 1.0;
				PRODUCT_BUNDLE_IDENTIFIER = "ola.Currency-ConverterUITests";
				PRODUCT_NAME = "$(TARGET_NAME)";
				SWIFT_EMIT_LOC_STRINGS = NO;
				SWIFT_VERSION = 5.0;
				TARGETED_DEVICE_FAMILY = "1,2";
				TEST_TARGET_NAME = "Currency Converter";
			};
			name = Release;
		};
/* End XCBuildConfiguration section */

/* Begin XCConfigurationList section */
		18B628662C08F0DA0019284F /* Build configuration list for PBXProject "Currency Converter" */ = {
			isa = XCConfigurationList;
			buildConfigurations = (
				18B6288D2C08F0DC0019284F /* Debug */,
				18B6288E2C08F0DC0019284F /* Release */,
			);
			defaultConfigurationIsVisible = 0;
			defaultConfigurationName = Release;
		};
		18B6288F2C08F0DC0019284F /* Build configuration list for PBXNativeTarget "Currency Converter" */ = {
			isa = XCConfigurationList;
			buildConfigurations = (
				18B628902C08F0DC0019284F /* Debug */,
				18B628912C08F0DC0019284F /* Release */,
			);
			defaultConfigurationIsVisible = 0;
			defaultConfigurationName = Release;
		};
		18B628922C08F0DC0019284F /* Build configuration list for PBXNativeTarget "Currency ConverterTests" */ = {
			isa = XCConfigurationList;
			buildConfigurations = (
				18B628932C08F0DC0019284F /* Debug */,
				18B628942C08F0DC0019284F /* Release */,
			);
			defaultConfigurationIsVisible = 0;
			defaultConfigurationName = Release;
		};
		18B628952C08F0DC0019284F /* Build configuration list for PBXNativeTarget "Currency ConverterUITests" */ = {
			isa = XCConfigurationList;
			buildConfigurations = (
				18B628962C08F0DC0019284F /* Debug */,
				18B628972C08F0DC0019284F /* Release */,
			);
			defaultConfigurationIsVisible = 0;
			defaultConfigurationName = Release;
		};
/* End XCConfigurationList section */
	};
	rootObject = 18B628632C08F0DA0019284F /* Project object */;
}
